
Microsoft Visual Studio Solution File, Format Version 12.00
# Visual Studio Version 17
VisualStudioVersion = 17.8.34525.116
MinimumVisualStudioVersion = 10.0.40219.1
Project("{FAE04EC0-301F-11D3-BF4B-00C04F79EFBC}") = "AutomationTestingPractice", "AutomationTestingPractice\AutomationTestingPractice.csproj", "{1E8FA46A-1EF8-4DCB-BFDC-1C2D35514A28}"
EndProject
Global
	GlobalSection(SolutionConfigurationPlatforms) = preSolution
		Debug|Any CPU = Debug|Any CPU
		Release|Any CPU = Release|Any CPU
	EndGlobalSection
	GlobalSection(ProjectConfigurationPlatforms) = postSolution
		{1E8FA46A-1EF8-4DCB-BFDC-1C2D35514A28}.Debug|Any CPU.ActiveCfg = Debug|Any CPU
		{1E8FA46A-1EF8-4DCB-BFDC-1C2D35514A28}.Debug|Any CPU.Build.0 = Debug|Any CPU
		{1E8FA46A-1EF8-4DCB-BFDC-1C2D35514A28}.Release|Any CPU.ActiveCfg = Release|Any CPU
		{1E8FA46A-1EF8-4DCB-BFDC-1C2D35514A28}.Release|Any CPU.Build.0 = Release|Any CPU
	EndGlobalSection
	GlobalSection(SolutionProperties) = preSolution
		HideSolutionNode = FALSE
	EndGlobalSection
	GlobalSection(ExtensibilityGlobals) = postSolution
		SolutionGuid = {D479A664-9ED7-42AC-87E6-1C6C28ED3E8C}
	EndGlobalSection
EndGlobal
